
Microsoft Visual Studio Solution File, Format Version 12.00
# Visual Studio Version 16
VisualStudioVersion = 16.0.810.0
MinimumVisualStudioVersion = 10.0.40219.1
Project("{FAE04EC0-301F-11D3-BF4B-00C04F79EFBC}") = "rop", "rop\rop.csproj", "{23E4DCDC-C5D5-44AC-801E-86F36B624104}"
EndProject
Global
	GlobalSection(SolutionConfigurationPlatforms) = preSolution
		Debug|anycpu = Debug|anycpu
		Release|anycpu = Release|anycpu
	EndGlobalSection
	GlobalSection(ProjectConfigurationPlatforms) = postSolution
		{23E4DCDC-C5D5-44AC-801E-86F36B624104}.Debug|anycpu.ActiveCfg = Debug|Any CPU
		{23E4DCDC-C5D5-44AC-801E-86F36B624104}.Debug|anycpu.Build.0 = Debug|Any CPU
		{23E4DCDC-C5D5-44AC-801E-86F36B624104}.Release|anycpu.ActiveCfg = Release|Any CPU
		{23E4DCDC-C5D5-44AC-801E-86F36B624104}.Release|anycpu.Build.0 = Release|Any CPU
	EndGlobalSection
	GlobalSection(SolutionProperties) = preSolution
		HideSolutionNode = FALSE
	EndGlobalSection
	GlobalSection(ExtensibilityGlobals) = postSolution
		SolutionGuid = {81E5A540-8313-495D-B733-9642215F68BC}
	EndGlobalSection
EndGlobal
